
Microsoft Visual Studio Solution File, Format Version 12.00
# Visual Studio Version 16
VisualStudioVersion = 16.0.32126.315
MinimumVisualStudioVersion = 10.0.40219.1
Project("{FAE04EC0-301F-11D3-BF4B-00C04F79EFBC}") = "Dice Rolling Game", "Dice Rolling Game\Dice Rolling Game.csproj", "{9EA912DE-4A78-4B17-8E9D-B985BC567EF3}"
EndProject
Global
	GlobalSection(SolutionConfigurationPlatforms) = preSolution
		Debug|Any CPU = Debug|Any CPU
		Release|Any CPU = Release|Any CPU
	EndGlobalSection
	GlobalSection(ProjectConfigurationPlatforms) = postSolution
		{9EA912DE-4A78-4B17-8E9D-B985BC567EF3}.Debug|Any CPU.ActiveCfg = Debug|Any CPU
		{9EA912DE-4A78-4B17-8E9D-B985BC567EF3}.Debug|Any CPU.Build.0 = Debug|Any CPU
		{9EA912DE-4A78-4B17-8E9D-B985BC567EF3}.Release|Any CPU.ActiveCfg = Release|Any CPU
		{9EA912DE-4A78-4B17-8E9D-B985BC567EF3}.Release|Any CPU.Build.0 = Release|Any CPU
	EndGlobalSection
	GlobalSection(SolutionProperties) = preSolution
		HideSolutionNode = FALSE
	EndGlobalSection
	GlobalSection(ExtensibilityGlobals) = postSolution
		SolutionGuid = {59588454-B3B3-4816-80E9-11BE5F5A1447}
	EndGlobalSection
EndGlobal
